PODS:
  - AFNetworking (3.1.0):
    - AFNetworking/NSURLSession (= 3.1.0)
    - AFNetworking/Reachability (= 3.1.0)
    - AFNetworking/Security (= 3.1.0)
    - AFNetworking/Serialization (= 3.1.0)
    - AFNetworking/UIKit (= 3.1.0)
  - AFNetworking/NSURLSession (3.1.0):
    - AFNetworking/Reachability
    - AFNetworking/Security
    - AFNetworking/Serialization
  - AFNetworking/Reachability (3.1.0)
  - AFNetworking/Security (3.1.0)
  - AFNetworking/Serialization (3.1.0)
  - AFNetworking/UIKit (3.1.0):
    - AFNetworking/NSURLSession
  - PGNetworkHelper (2.0.1):
    - AFNetworking
    - PINCache
  - PINCache (2.3)

DEPENDENCIES:
  - AFNetworking (= 3.1.0)
  - PGNetworkHelper (>= 2.0)
  - PINCache

SPEC CHECKSUMS:
  AFNetworking: 5e0e199f73d8626b11e79750991f5d173d1f8b67
  PGNetworkHelper: 829dfea7c1d4b26c4473696147201d56e0c2b136
  PINCache: ce36ed282031b92fc7733ffe831f474ff80fddc2

PODFILE CHECKSUM: c83db6035cdc946717b3be35ae5aba9f1ada12d4

COCOAPODS: 1.1.1
